
Microsoft Visual Studio Solution File, Format Version 12.00
# Visual Studio 15
VisualStudioVersion = 15.0.26730.16
MinimumVisualStudioVersion = 10.0.40219.1
Project("{FAE04EC0-301F-11D3-BF4B-00C04F79EFBC}") = "01. Last3ConsecutiveEqualStrings", "Arrays-MoreExercises-Extended\01. Last3ConsecutiveEqualStrings.csproj", "{AC6A602E-0DFA-4F0E-A948-139157605D75}"
EndProject
Project("{FAE04EC0-301F-11D3-BF4B-00C04F79EFBC}") = "02. ArrayElementsEqualToTheirIndex", "02. ArrayElementsEqualToTheirIndex\02. ArrayElementsEqualToTheirIndex.csproj", "{1E7F2CB7-8326-479A-8728-D95C6395CD1E}"
EndProject
Project("{FAE04EC0-301F-11D3-BF4B-00C04F79EFBC}") = "03. Phonebook", "03. Phonebook\03. Phonebook.csproj", "{06E0D157-AE7F-4FFB-AB6F-AD68128347F8}"
EndProject
Project("{FAE04EC0-301F-11D3-BF4B-00C04F79EFBC}") = "04. Phone", "04. Phone\04. Phone.csproj", "{0A376B44-1A66-49F4-A106-3FCEDB18E009}"
EndProject
Project("{FAE04EC0-301F-11D3-BF4B-00C04F79EFBC}") = "05. CharRotation", "05. CharRotation\05. CharRotation.csproj", "{F1D04452-5AB7-4127-8EB1-D0B4790A3D83}"
EndProject
Project("{FAE04EC0-301F-11D3-BF4B-00C04F79EFBC}") = "07. ResizableArray", "07. ResizableArray\07. ResizableArray.csproj", "{99448A54-CCA8-45BF-8405-3CEA8D253756}"
EndProject
Global
	GlobalSection(SolutionConfigurationPlatforms) = preSolution
		Debug|Any CPU = Debug|Any CPU
		Release|Any CPU = Release|Any CPU
	EndGlobalSection
	GlobalSection(ProjectConfigurationPlatforms) = postSolution
		{AC6A602E-0DFA-4F0E-A948-139157605D75}.Debug|Any CPU.ActiveCfg = Debug|Any CPU
		{AC6A602E-0DFA-4F0E-A948-139157605D75}.Debug|Any CPU.Build.0 = Debug|Any CPU
		{AC6A602E-0DFA-4F0E-A948-139157605D75}.Release|Any CPU.ActiveCfg = Release|Any CPU
		{AC6A602E-0DFA-4F0E-A948-139157605D75}.Release|Any CPU.Build.0 = Release|Any CPU
		{1E7F2CB7-8326-479A-8728-D95C6395CD1E}.Debug|Any CPU.ActiveCfg = Debug|Any CPU
		{1E7F2CB7-8326-479A-8728-D95C6395CD1E}.Debug|Any CPU.Build.0 = Debug|Any CPU
		{1E7F2CB7-8326-479A-8728-D95C6395CD1E}.Release|Any CPU.ActiveCfg = Release|Any CPU
		{1E7F2CB7-8326-479A-8728-D95C6395CD1E}.Release|Any CPU.Build.0 = Release|Any CPU
		{06E0D157-AE7F-4FFB-AB6F-AD68128347F8}.Debug|Any CPU.ActiveCfg = Debug|Any CPU
		{06E0D157-AE7F-4FFB-AB6F-AD68128347F8}.Debug|Any CPU.Build.0 = Debug|Any CPU
		{06E0D157-AE7F-4FFB-AB6F-AD68128347F8}.Release|Any CPU.ActiveCfg = Release|Any CPU
		{06E0D157-AE7F-4FFB-AB6F-AD68128347F8}.Release|Any CPU.Build.0 = Release|Any CPU
		{0A376B44-1A66-49F4-A106-3FCEDB18E009}.Debug|Any CPU.ActiveCfg = Debug|Any CPU
		{0A376B44-1A66-49F4-A106-3FCEDB18E009}.Debug|Any CPU.Build.0 = Debug|Any CPU
		{0A376B44-1A66-49F4-A106-3FCEDB18E009}.Release|Any CPU.ActiveCfg = Release|Any CPU
		{0A376B44-1A66-49F4-A106-3FCEDB18E009}.Release|Any CPU.Build.0 = Release|Any CPU
		{F1D04452-5AB7-4127-8EB1-D0B4790A3D83}.Debug|Any CPU.ActiveCfg = Debug|Any CPU
		{F1D04452-5AB7-4127-8EB1-D0B4790A3D83}.Debug|Any CPU.Build.0 = Debug|Any CPU
		{F1D04452-5AB7-4127-8EB1-D0B4790A3D83}.Release|Any CPU.ActiveCfg = Release|Any CPU
		{F1D04452-5AB7-4127-8EB1-D0B4790A3D83}.Release|Any CPU.Build.0 = Release|Any CPU
		{99448A54-CCA8-45BF-8405-3CEA8D253756}.Debug|Any CPU.ActiveCfg = Debug|Any CPU
		{99448A54-CCA8-45BF-8405-3CEA8D253756}.Debug|Any CPU.Build.0 = Debug|Any CPU
		{99448A54-CCA8-45BF-8405-3CEA8D253756}.Release|Any CPU.ActiveCfg = Release|Any CPU
		{99448A54-CCA8-45BF-8405-3CEA8D253756}.Release|Any CPU.Build.0 = Release|Any CPU
	EndGlobalSection
	GlobalSection(SolutionProperties) = preSolution
		HideSolutionNode = FALSE
	EndGlobalSection
	GlobalSection(ExtensibilityGlobals) = postSolution
		SolutionGuid = {C4BCC8D5-3047-4447-9322-35F1DC3FF47C}
	EndGlobalSection
EndGlobal
