
Microsoft Visual Studio Solution File, Format Version 12.00
# Visual Studio 15
VisualStudioVersion = 15.0.26430.16
MinimumVisualStudioVersion = 10.0.40219.1
Project("{FAE04EC0-301F-11D3-BF4B-00C04F79EFBC}") = "01. IntroAndBasicSyntax-Lab", "01. IntroAndBasicSyntax-Lab\01. IntroAndBasicSyntax-Lab.csproj", "{9AA1C0DF-9DDF-48E5-BEDD-B7F111DB4989}"
EndProject
Project("{FAE04EC0-301F-11D3-BF4B-00C04F79EFBC}") = "02. AddTwoNumbers", "02. AddTwoNumbers\02. AddTwoNumbers.csproj", "{CF22FA76-4DBA-43D4-8DE6-137C97E3BF72}"
EndProject
Project("{FAE04EC0-301F-11D3-BF4B-00C04F79EFBC}") = "03. EmployeeData", "03. EmployeeData\03. EmployeeData.csproj", "{19323DFA-388F-46F8-A644-8EDC1A9DDB65}"
EndProject
Global
	GlobalSection(SolutionConfigurationPlatforms) = preSolution
		Debug|Any CPU = Debug|Any CPU
		Release|Any CPU = Release|Any CPU
	EndGlobalSection
	GlobalSection(ProjectConfigurationPlatforms) = postSolution
		{9AA1C0DF-9DDF-48E5-BEDD-B7F111DB4989}.Debug|Any CPU.ActiveCfg = Debug|Any CPU
		{9AA1C0DF-9DDF-48E5-BEDD-B7F111DB4989}.Debug|Any CPU.Build.0 = Debug|Any CPU
		{9AA1C0DF-9DDF-48E5-BEDD-B7F111DB4989}.Release|Any CPU.ActiveCfg = Release|Any CPU
		{9AA1C0DF-9DDF-48E5-BEDD-B7F111DB4989}.Release|Any CPU.Build.0 = Release|Any CPU
		{CF22FA76-4DBA-43D4-8DE6-137C97E3BF72}.Debug|Any CPU.ActiveCfg = Debug|Any CPU
		{CF22FA76-4DBA-43D4-8DE6-137C97E3BF72}.Debug|Any CPU.Build.0 = Debug|Any CPU
		{CF22FA76-4DBA-43D4-8DE6-137C97E3BF72}.Release|Any CPU.ActiveCfg = Release|Any CPU
		{CF22FA76-4DBA-43D4-8DE6-137C97E3BF72}.Release|Any CPU.Build.0 = Release|Any CPU
		{19323DFA-388F-46F8-A644-8EDC1A9DDB65}.Debug|Any CPU.ActiveCfg = Debug|Any CPU
		{19323DFA-388F-46F8-A644-8EDC1A9DDB65}.Debug|Any CPU.Build.0 = Debug|Any CPU
		{19323DFA-388F-46F8-A644-8EDC1A9DDB65}.Release|Any CPU.ActiveCfg = Release|Any CPU
		{19323DFA-388F-46F8-A644-8EDC1A9DDB65}.Release|Any CPU.Build.0 = Release|Any CPU
	EndGlobalSection
	GlobalSection(SolutionProperties) = preSolution
		HideSolutionNode = FALSE
	EndGlobalSection
EndGlobal
