
Microsoft Visual Studio Solution File, Format Version 12.00
# Visual Studio 15
VisualStudioVersion = 15.0.26730.16
MinimumVisualStudioVersion = 10.0.40219.1
Project("{FAE04EC0-301F-11D3-BF4B-00C04F79EFBC}") = "01. Trainers", "PF-Exam-20.09.2017\01. Trainers.csproj", "{61410FBC-E3B2-431D-A12C-D0FB4A7BBDEF}"
EndProject
Project("{FAE04EC0-301F-11D3-BF4B-00C04F79EFBC}") = "02. Entertrain", "02. Entertrain\02. Entertrain.csproj", "{0A91AE37-22E8-46EC-88D4-8BD0F08F8524}"
EndProject
Project("{FAE04EC0-301F-11D3-BF4B-00C04F79EFBC}") = "03. Trainegram", "03. Trainegram\03. Trainegram.csproj", "{135DD069-6598-4DE9-B637-D68244220A43}"
EndProject
Project("{FAE04EC0-301F-11D3-BF4B-00C04F79EFBC}") = "04. Trainlands", "04. Trainlands\04. Trainlands.csproj", "{D3042917-C582-460B-BF60-BFA3D7157711}"
EndProject
Global
	GlobalSection(SolutionConfigurationPlatforms) = preSolution
		Debug|Any CPU = Debug|Any CPU
		Release|Any CPU = Release|Any CPU
	EndGlobalSection
	GlobalSection(ProjectConfigurationPlatforms) = postSolution
		{61410FBC-E3B2-431D-A12C-D0FB4A7BBDEF}.Debug|Any CPU.ActiveCfg = Debug|Any CPU
		{61410FBC-E3B2-431D-A12C-D0FB4A7BBDEF}.Debug|Any CPU.Build.0 = Debug|Any CPU
		{61410FBC-E3B2-431D-A12C-D0FB4A7BBDEF}.Release|Any CPU.ActiveCfg = Release|Any CPU
		{61410FBC-E3B2-431D-A12C-D0FB4A7BBDEF}.Release|Any CPU.Build.0 = Release|Any CPU
		{0A91AE37-22E8-46EC-88D4-8BD0F08F8524}.Debug|Any CPU.ActiveCfg = Debug|Any CPU
		{0A91AE37-22E8-46EC-88D4-8BD0F08F8524}.Debug|Any CPU.Build.0 = Debug|Any CPU
		{0A91AE37-22E8-46EC-88D4-8BD0F08F8524}.Release|Any CPU.ActiveCfg = Release|Any CPU
		{0A91AE37-22E8-46EC-88D4-8BD0F08F8524}.Release|Any CPU.Build.0 = Release|Any CPU
		{135DD069-6598-4DE9-B637-D68244220A43}.Debug|Any CPU.ActiveCfg = Debug|Any CPU
		{135DD069-6598-4DE9-B637-D68244220A43}.Debug|Any CPU.Build.0 = Debug|Any CPU
		{135DD069-6598-4DE9-B637-D68244220A43}.Release|Any CPU.ActiveCfg = Release|Any CPU
		{135DD069-6598-4DE9-B637-D68244220A43}.Release|Any CPU.Build.0 = Release|Any CPU
		{D3042917-C582-460B-BF60-BFA3D7157711}.Debug|Any CPU.ActiveCfg = Debug|Any CPU
		{D3042917-C582-460B-BF60-BFA3D7157711}.Debug|Any CPU.Build.0 = Debug|Any CPU
		{D3042917-C582-460B-BF60-BFA3D7157711}.Release|Any CPU.ActiveCfg = Release|Any CPU
		{D3042917-C582-460B-BF60-BFA3D7157711}.Release|Any CPU.Build.0 = Release|Any CPU
	EndGlobalSection
	GlobalSection(SolutionProperties) = preSolution
		HideSolutionNode = FALSE
	EndGlobalSection
	GlobalSection(ExtensibilityGlobals) = postSolution
		SolutionGuid = {6DB7D59A-9C24-46CD-8D5A-D5F556D4ACA9}
	EndGlobalSection
EndGlobal
